// !$*UTF8*$!
{
	archiveVersion = 1;
	classes = {
	};
	objectVersion = 46;
	objects = {

/* Begin PBXBuildFile section */
		0BC4F91BC60C493847D3714F /* Pods_MindfulWasteUITests.framework in Frameworks */ = {isa = PBXBuildFile; fileRef = F55D4E938AE4606BAA698DC0 /* Pods_MindfulWasteUITests.framework */; };
		3F3295B51DFEFF1400612904 /* CustomUserCell.swift in Sources */ = {isa = PBXBuildFile; fileRef = 3F3295B41DFEFF1400612904 /* CustomUserCell.swift */; };
		3F54E1C71EB0D8C700ACBDC2 /* SignUpViewController.swift in Sources */ = {isa = PBXBuildFile; fileRef = 3F54E1C61EB0D8C700ACBDC2 /* SignUpViewController.swift */; };
		3F58942B1ECC892B00A871D8 /* OrganizationReportCell.swift in Sources */ = {isa = PBXBuildFile; fileRef = 3F58942A1ECC892B00A871D8 /* OrganizationReportCell.swift */; };
		3F58942D1ECC89C000A871D8 /* OrganizationReportCell.xib in Resources */ = {isa = PBXBuildFile; fileRef = 3F58942C1ECC89C000A871D8 /* OrganizationReportCell.xib */; };
		3F58942F1ECC929E00A871D8 /* OrganizationViewController.swift in Sources */ = {isa = PBXBuildFile; fileRef = 3F58942E1ECC929E00A871D8 /* OrganizationViewController.swift */; };
		3F5894311ECDDDB200A871D8 /* OrganizationDetailTableViewController.swift in Sources */ = {isa = PBXBuildFile; fileRef = 3F5894301ECDDDB200A871D8 /* OrganizationDetailTableViewController.swift */; };
		3F5CDA8D1EC20743004D1668 /* HomeViewController.swift in Sources */ = {isa = PBXBuildFile; fileRef = 3F5CDA8C1EC20743004D1668 /* HomeViewController.swift */; };
		3F5CDA8F1EC20A42004D1668 /* HomePageCell.swift in Sources */ = {isa = PBXBuildFile; fileRef = 3F5CDA8E1EC20A42004D1668 /* HomePageCell.swift */; };
		3F62A90C1EB371DD0007D924 /* MindfulWasteUser.swift in Sources */ = {isa = PBXBuildFile; fileRef = 3F62A90B1EB371DD0007D924 /* MindfulWasteUser.swift */; };
		3F62A90E1EB387690007D924 /* IntroViewController.swift in Sources */ = {isa = PBXBuildFile; fileRef = 3F62A90D1EB387690007D924 /* IntroViewController.swift */; };
		3F643A791E6DA469005B44C1 /* FeedTableViewCell.swift in Sources */ = {isa = PBXBuildFile; fileRef = 3F643A781E6DA469005B44C1 /* FeedTableViewCell.swift */; };
		3F644A981EA7A842000796E8 /* SideMenuViewController.swift in Sources */ = {isa = PBXBuildFile; fileRef = 3F644A971EA7A842000796E8 /* SideMenuViewController.swift */; };
		3F67B0B21E291304004819B7 /* ReportCell.swift in Sources */ = {isa = PBXBuildFile; fileRef = 3F67B0B11E291304004819B7 /* ReportCell.swift */; };
		3F6E7E1E1DFB049700421F54 /* MenuController.swift in Sources */ = {isa = PBXBuildFile; fileRef = 3F6E7E1D1DFB049700421F54 /* MenuController.swift */; };
		3F6E7E221DFB06F400421F54 /* HomePageViewController.swift in Sources */ = {isa = PBXBuildFile; fileRef = 3F6E7E211DFB06F400421F54 /* HomePageViewController.swift */; };
		3F7DB19D1EAE2701009D5198 /* SideMenuCell.swift in Sources */ = {isa = PBXBuildFile; fileRef = 3F7DB19C1EAE2701009D5198 /* SideMenuCell.swift */; };
		3F7DB19F1EAF9661009D5198 /* LoginMainViewController.swift in Sources */ = {isa = PBXBuildFile; fileRef = 3F7DB19E1EAF9661009D5198 /* LoginMainViewController.swift */; };
		3F9CC6AA1E02EB8B00BDBE3D /* LoginView.swift in Sources */ = {isa = PBXBuildFile; fileRef = 3F9CC6A91E02EB8B00BDBE3D /* LoginView.swift */; };
		3FE5EAAD1E608F040004A77C /* LiveFeedViewController.swift in Sources */ = {isa = PBXBuildFile; fileRef = 3FE5EAAC1E608F040004A77C /* LiveFeedViewController.swift */; };
		3FF422CD1DF7853E001D2874 /* AppDelegate.swift in Sources */ = {isa = PBXBuildFile; fileRef = 3FF422CC1DF7853E001D2874 /* AppDelegate.swift */; };
		3FF422CF1DF7853E001D2874 /* ViewController.swift in Sources */ = {isa = PBXBuildFile; fileRef = 3FF422CE1DF7853E001D2874 /* ViewController.swift */; };
		3FF422D21DF7853E001D2874 /* Main.storyboard in Resources */ = {isa = PBXBuildFile; fileRef = 3FF422D01DF7853E001D2874 /* Main.storyboard */; };
		3FF422D41DF7853E001D2874 /* Assets.xcassets in Resources */ = {isa = PBXBuildFile; fileRef = 3FF422D31DF7853E001D2874 /* Assets.xcassets */; };
		3FF422D71DF7853E001D2874 /* LaunchScreen.storyboard in Resources */ = {isa = PBXBuildFile; fileRef = 3FF422D51DF7853E001D2874 /* LaunchScreen.storyboard */; };
		3FF422E21DF7853E001D2874 /* MindfulWasteTests.swift in Sources */ = {isa = PBXBuildFile; fileRef = 3FF422E11DF7853E001D2874 /* MindfulWasteTests.swift */; };
		3FF422ED1DF7853E001D2874 /* MindfulWasteUITests.swift in Sources */ = {isa = PBXBuildFile; fileRef = 3FF422EC1DF7853E001D2874 /* MindfulWasteUITests.swift */; };
		3FF772211E32811000F2B6E0 /* DetailedReportCell.swift in Sources */ = {isa = PBXBuildFile; fileRef = 3FF772201E32811000F2B6E0 /* DetailedReportCell.swift */; };
		9535CDFD1E6D07C500F30BB1 /* ReportInfographic.swift in Sources */ = {isa = PBXBuildFile; fileRef = 9535CDFC1E6D07C500F30BB1 /* ReportInfographic.swift */; };
		953B2AAE1E05EA3400649F55 /* GoogleService-Info.plist in Resources */ = {isa = PBXBuildFile; fileRef = 953B2AAD1E05EA3400649F55 /* GoogleService-Info.plist */; };
		953B2AAF1E05EA3400649F55 /* GoogleService-Info.plist in Resources */ = {isa = PBXBuildFile; fileRef = 953B2AAD1E05EA3400649F55 /* GoogleService-Info.plist */; };
		953B2AB01E05EA3400649F55 /* GoogleService-Info.plist in Resources */ = {isa = PBXBuildFile; fileRef = 953B2AAD1E05EA3400649F55 /* GoogleService-Info.plist */; };
		9554EB4B1E076B0E00771CC6 /* ReportViewController.swift in Sources */ = {isa = PBXBuildFile; fileRef = 9554EB4A1E076B0E00771CC6 /* ReportViewController.swift */; };
		956F3A4F1E077A0E006EDE6A /* CustomCollectionCell.swift in Sources */ = {isa = PBXBuildFile; fileRef = 956F3A4E1E077A0E006EDE6A /* CustomCollectionCell.swift */; };
		956F3A511E078F4E006EDE6A /* Report.swift in Sources */ = {isa = PBXBuildFile; fileRef = 956F3A501E078F4E006EDE6A /* Report.swift */; };
		B27521B0EB6D07948AC19738 /* Pods_MindfulWaste.framework in Frameworks */ = {isa = PBXBuildFile; fileRef = 40F16CB367FFF2D958C24AAE /* Pods_MindfulWaste.framework */; };
		DC2CCEB9974A4E04CFE7589A /* Pods_MindfulWasteTests.framework in Frameworks */ = {isa = PBXBuildFile; fileRef = 00B447B2BE47E3BAD88B07C2 /* Pods_MindfulWasteTests.framework */; };
/* End PBXBuildFile section */

/* Begin PBXContainerItemProxy section */
		3FF422DE1DF7853E001D2874 /* PBXContainerItemProxy */ = {
			isa = PBXContainerItemProxy;
			containerPortal = 3FF422C11DF7853D001D2874 /* Project object */;
			proxyType = 1;
			remoteGlobalIDString = 3FF422C81DF7853D001D2874;
			remoteInfo = MindfulWaste;
		};
		3FF422E91DF7853E001D2874 /* PBXContainerItemProxy */ = {
			isa = PBXContainerItemProxy;
			containerPortal = 3FF422C11DF7853D001D2874 /* Project object */;
			proxyType = 1;
			remoteGlobalIDString = 3FF422C81DF7853D001D2874;
			remoteInfo = MindfulWaste;
		};
/* End PBXContainerItemProxy section */

/* Begin PBXFileReference section */
		00B447B2BE47E3BAD88B07C2 /* Pods_MindfulWasteTests.framework */ = {isa = PBXFileReference; explicitFileType = wrapper.framework; includeInIndex = 0; path = Pods_MindfulWasteTests.framework; sourceTree = BUILT_PRODUCTS_DIR; };
		0D915108F249FCC14E432515 /* Pods-MindfulWaste.debug.xcconfig */ = {isa = PBXFileReference; includeInIndex = 1; lastKnownFileType = text.xcconfig; name = "Pods-MindfulWaste.debug.xcconfig"; path = "Pods/Target Support Files/Pods-MindfulWaste/Pods-MindfulWaste.debug.xcconfig"; sourceTree = "<group>"; };
		3F3295B41DFEFF1400612904 /* CustomUserCell.swift */ = {isa = PBXFileReference; fileEncoding = 4; lastKnownFileType = sourcecode.swift; path = CustomUserCell.swift; sourceTree = "<group>"; };
		3F54E1C61EB0D8C700ACBDC2 /* SignUpViewController.swift */ = {isa = PBXFileReference; fileEncoding = 4; lastKnownFileType = sourcecode.swift; path = SignUpViewController.swift; sourceTree = "<group>"; };
		3F58942A1ECC892B00A871D8 /* OrganizationReportCell.swift */ = {isa = PBXFileReference; fileEncoding = 4; lastKnownFileType = sourcecode.swift; path = OrganizationReportCell.swift; sourceTree = "<group>"; };
		3F58942C1ECC89C000A871D8 /* OrganizationReportCell.xib */ = {isa = PBXFileReference; fileEncoding = 4; lastKnownFileType = file.xib; path = OrganizationReportCell.xib; sourceTree = "<group>"; };
		3F58942E1ECC929E00A871D8 /* OrganizationViewController.swift */ = {isa = PBXFileReference; fileEncoding = 4; lastKnownFileType = sourcecode.swift; path = OrganizationViewController.swift; sourceTree = "<group>"; };
		3F5894301ECDDDB200A871D8 /* OrganizationDetailTableViewController.swift */ = {isa = PBXFileReference; fileEncoding = 4; lastKnownFileType = sourcecode.swift; path = OrganizationDetailTableViewController.swift; sourceTree = "<group>"; };
		3F5CDA8C1EC20743004D1668 /* HomeViewController.swift */ = {isa = PBXFileReference; fileEncoding = 4; lastKnownFileType = sourcecode.swift; path = HomeViewController.swift; sourceTree = "<group>"; };
		3F5CDA8E1EC20A42004D1668 /* HomePageCell.swift */ = {isa = PBXFileReference; fileEncoding = 4; lastKnownFileType = sourcecode.swift; path = HomePageCell.swift; sourceTree = "<group>"; };
		3F62A90B1EB371DD0007D924 /* MindfulWasteUser.swift */ = {isa = PBXFileReference; fileEncoding = 4; lastKnownFileType = sourcecode.swift; path = MindfulWasteUser.swift; sourceTree = "<group>"; };
		3F62A90D1EB387690007D924 /* IntroViewController.swift */ = {isa = PBXFileReference; fileEncoding = 4; lastKnownFileType = sourcecode.swift; path = IntroViewController.swift; sourceTree = "<group>"; };
		3F643A781E6DA469005B44C1 /* FeedTableViewCell.swift */ = {isa = PBXFileReference; fileEncoding = 4; lastKnownFileType = sourcecode.swift; path = FeedTableViewCell.swift; sourceTree = "<group>"; };
		3F644A971EA7A842000796E8 /* SideMenuViewController.swift */ = {isa = PBXFileReference; fileEncoding = 4; lastKnownFileType = sourcecode.swift; path = SideMenuViewController.swift; sourceTree = "<group>"; };
		3F67B0B11E291304004819B7 /* ReportCell.swift */ = {isa = PBXFileReference; fileEncoding = 4; lastKnownFileType = sourcecode.swift; path = ReportCell.swift; sourceTree = "<group>"; };
		3F6E7E1D1DFB049700421F54 /* MenuController.swift */ = {isa = PBXFileReference; fileEncoding = 4; lastKnownFileType = sourcecode.swift; path = MenuController.swift; sourceTree = "<group>"; };
		3F6E7E211DFB06F400421F54 /* HomePageViewController.swift */ = {isa = PBXFileReference; fileEncoding = 4; lastKnownFileType = sourcecode.swift; path = HomePageViewController.swift; sourceTree = "<group>"; };
		3F7DB19C1EAE2701009D5198 /* SideMenuCell.swift */ = {isa = PBXFileReference; fileEncoding = 4; lastKnownFileType = sourcecode.swift; path = SideMenuCell.swift; sourceTree = "<group>"; };
		3F7DB19E1EAF9661009D5198 /* LoginMainViewController.swift */ = {isa = PBXFileReference; fileEncoding = 4; lastKnownFileType = sourcecode.swift; path = LoginMainViewController.swift; sourceTree = "<group>"; };
		3F84E5FA1E01984500A0F81D /* MindfulWaste.entitlements */ = {isa = PBXFileReference; lastKnownFileType = text.plist.entitlements; path = MindfulWaste.entitlements; sourceTree = "<group>"; };
		3F9CC6A91E02EB8B00BDBE3D /* LoginView.swift */ = {isa = PBXFileReference; fileEncoding = 4; lastKnownFileType = sourcecode.swift; path = LoginView.swift; sourceTree = "<group>"; };
		3FE5EAAC1E608F040004A77C /* LiveFeedViewController.swift */ = {isa = PBXFileReference; fileEncoding = 4; lastKnownFileType = sourcecode.swift; path = LiveFeedViewController.swift; sourceTree = "<group>"; };
		3FF422C91DF7853E001D2874 /* MindfulWaste.app */ = {isa = PBXFileReference; explicitFileType = wrapper.application; includeInIndex = 0; path = MindfulWaste.app; sourceTree = BUILT_PRODUCTS_DIR; };
		3FF422CC1DF7853E001D2874 /* AppDelegate.swift */ = {isa = PBXFileReference; lastKnownFileType = sourcecode.swift; path = AppDelegate.swift; sourceTree = "<group>"; };
		3FF422CE1DF7853E001D2874 /* ViewController.swift */ = {isa = PBXFileReference; lastKnownFileType = sourcecode.swift; path = ViewController.swift; sourceTree = "<group>"; };
		3FF422D11DF7853E001D2874 /* Base */ = {isa = PBXFileReference; lastKnownFileType = file.storyboard; name = Base; path = Base.lproj/Main.storyboard; sourceTree = "<group>"; };
		3FF422D31DF7853E001D2874 /* Assets.xcassets */ = {isa = PBXFileReference; lastKnownFileType = folder.assetcatalog; path = Assets.xcassets; sourceTree = "<group>"; };
		3FF422D61DF7853E001D2874 /* Base */ = {isa = PBXFileReference; lastKnownFileType = file.storyboard; name = Base; path = Base.lproj/LaunchScreen.storyboard; sourceTree = "<group>"; };
		3FF422D81DF7853E001D2874 /* Info.plist */ = {isa = PBXFileReference; lastKnownFileType = text.plist.xml; path = Info.plist; sourceTree = "<group>"; };
		3FF422DD1DF7853E001D2874 /* MindfulWasteTests.xctest */ = {isa = PBXFileReference; explicitFileType = wrapper.cfbundle; includeInIndex = 0; path = MindfulWasteTests.xctest; sourceTree = BUILT_PRODUCTS_DIR; };
		3FF422E11DF7853E001D2874 /* MindfulWasteTests.swift */ = {isa = PBXFileReference; lastKnownFileType = sourcecode.swift; path = MindfulWasteTests.swift; sourceTree = "<group>"; };
		3FF422E31DF7853E001D2874 /* Info.plist */ = {isa = PBXFileReference; lastKnownFileType = text.plist.xml; path = Info.plist; sourceTree = "<group>"; };
		3FF422E81DF7853E001D2874 /* MindfulWasteUITests.xctest */ = {isa = PBXFileReference; explicitFileType = wrapper.cfbundle; includeInIndex = 0; path = MindfulWasteUITests.xctest; sourceTree = BUILT_PRODUCTS_DIR; };
		3FF422EC1DF7853E001D2874 /* MindfulWasteUITests.swift */ = {isa = PBXFileReference; lastKnownFileType = sourcecode.swift; path = MindfulWasteUITests.swift; sourceTree = "<group>"; };
		3FF422EE1DF7853E001D2874 /* Info.plist */ = {isa = PBXFileReference; lastKnownFileType = text.plist.xml; path = Info.plist; sourceTree = "<group>"; };
		3FF772201E32811000F2B6E0 /* DetailedReportCell.swift */ = {isa = PBXFileReference; fileEncoding = 4; lastKnownFileType = sourcecode.swift; path = DetailedReportCell.swift; sourceTree = "<group>"; };
		4098CA507494378DF3710A41 /* Pods-MindfulWasteTests.debug.xcconfig */ = {isa = PBXFileReference; includeInIndex = 1; lastKnownFileType = text.xcconfig; name = "Pods-MindfulWasteTests.debug.xcconfig"; path = "Pods/Target Support Files/Pods-MindfulWasteTests/Pods-MindfulWasteTests.debug.xcconfig"; sourceTree = "<group>"; };
		40F16CB367FFF2D958C24AAE /* Pods_MindfulWaste.framework */ = {isa = PBXFileReference; explicitFileType = wrapper.framework; includeInIndex = 0; path = Pods_MindfulWaste.framework; sourceTree = BUILT_PRODUCTS_DIR; };
		485471B5AE89AD167B65516F /* Pods-MindfulWasteUITests.release.xcconfig */ = {isa = PBXFileReference; includeInIndex = 1; lastKnownFileType = text.xcconfig; name = "Pods-MindfulWasteUITests.release.xcconfig"; path = "Pods/Target Support Files/Pods-MindfulWasteUITests/Pods-MindfulWasteUITests.release.xcconfig"; sourceTree = "<group>"; };
		86BC002B4748BBB436553EB1 /* Pods-MindfulWaste.release.xcconfig */ = {isa = PBXFileReference; includeInIndex = 1; lastKnownFileType = text.xcconfig; name = "Pods-MindfulWaste.release.xcconfig"; path = "Pods/Target Support Files/Pods-MindfulWaste/Pods-MindfulWaste.release.xcconfig"; sourceTree = "<group>"; };
		9535CDFC1E6D07C500F30BB1 /* ReportInfographic.swift */ = {isa = PBXFileReference; fileEncoding = 4; lastKnownFileType = sourcecode.swift; path = ReportInfographic.swift; sourceTree = "<group>"; };
		953B2AAD1E05EA3400649F55 /* GoogleService-Info.plist */ = {isa = PBXFileReference; fileEncoding = 4; lastKnownFileType = text.plist.xml; path = "GoogleService-Info.plist"; sourceTree = "<group>"; };
		9554EB4A1E076B0E00771CC6 /* ReportViewController.swift */ = {isa = PBXFileReference; fileEncoding = 4; lastKnownFileType = sourcecode.swift; path = ReportViewController.swift; sourceTree = "<group>"; };
		956F3A4E1E077A0E006EDE6A /* CustomCollectionCell.swift */ = {isa = PBXFileReference; fileEncoding = 4; lastKnownFileType = sourcecode.swift; path = CustomCollectionCell.swift; sourceTree = "<group>"; };
		956F3A501E078F4E006EDE6A /* Report.swift */ = {isa = PBXFileReference; fileEncoding = 4; lastKnownFileType = sourcecode.swift; path = Report.swift; sourceTree = "<group>"; };
		D005366AD6EB375E811E49F5 /* Pods-MindfulWasteTests.release.xcconfig */ = {isa = PBXFileReference; includeInIndex = 1; lastKnownFileType = text.xcconfig; name = "Pods-MindfulWasteTests.release.xcconfig"; path = "Pods/Target Support Files/Pods-MindfulWasteTests/Pods-MindfulWasteTests.release.xcconfig"; sourceTree = "<group>"; };
		DFBBE3FD9D43F4A4823D358B /* Pods-MindfulWasteUITests.debug.xcconfig */ = {isa = PBXFileReference; includeInIndex = 1; lastKnownFileType = text.xcconfig; name = "Pods-MindfulWasteUITests.debug.xcconfig"; path = "Pods/Target Support Files/Pods-MindfulWasteUITests/Pods-MindfulWasteUITests.debug.xcconfig"; sourceTree = "<group>"; };
		F55D4E938AE4606BAA698DC0 /* Pods_MindfulWasteUITests.framework */ = {isa = PBXFileReference; explicitFileType = wrapper.framework; includeInIndex = 0; path = Pods_MindfulWasteUITests.framework; sourceTree = BUILT_PRODUCTS_DIR; };
/* End PBXFileReference section */

/* Begin PBXFrameworksBuildPhase section */
		3FF422C61DF7853D001D2874 /* Frameworks */ = {
			isa = PBXFrameworksBuildPhase;
			buildActionMask = 2147483647;
			files = (
				B27521B0EB6D07948AC19738 /* Pods_MindfulWaste.framework in Frameworks */,
			);
			runOnlyForDeploymentPostprocessing = 0;
		};
		3FF422DA1DF7853E001D2874 /* Frameworks */ = {
			isa = PBXFrameworksBuildPhase;
			buildActionMask = 2147483647;
			files = (
				DC2CCEB9974A4E04CFE7589A /* Pods_MindfulWasteTests.framework in Frameworks */,
			);
			runOnlyForDeploymentPostprocessing = 0;
		};
		3FF422E51DF7853E001D2874 /* Frameworks */ = {
			isa = PBXFrameworksBuildPhase;
			buildActionMask = 2147483647;
			files = (
				0BC4F91BC60C493847D3714F /* Pods_MindfulWasteUITests.framework in Frameworks */,
			);
			runOnlyForDeploymentPostprocessing = 0;
		};
/* End PBXFrameworksBuildPhase section */

/* Begin PBXGroup section */
		3FF422C01DF7853D001D2874 = {
			isa = PBXGroup;
			children = (
				3FF422CB1DF7853E001D2874 /* MindfulWaste */,
				3FF422E01DF7853E001D2874 /* MindfulWasteTests */,
				3FF422CA1DF7853E001D2874 /* Products */,
				3FF422EB1DF7853E001D2874 /* MindfulWasteUITests */,
				53EC7F6970DE1ED8EA9FDAAD /* Pods */,
				A8BC6AA220B58ADCF707252A /* Frameworks */,
			);
			sourceTree = "<group>";
		};
		3FF422CA1DF7853E001D2874 /* Products */ = {
			isa = PBXGroup;
			children = (
				3FF422C91DF7853E001D2874 /* MindfulWaste.app */,
				3FF422DD1DF7853E001D2874 /* MindfulWasteTests.xctest */,
				3FF422E81DF7853E001D2874 /* MindfulWasteUITests.xctest */,
			);
			name = Products;
			sourceTree = "<group>";
		};
		3FF422CB1DF7853E001D2874 /* MindfulWaste */ = {
			isa = PBXGroup;
			children = (
				3F84E5FA1E01984500A0F81D /* MindfulWaste.entitlements */,
				3FF422D01DF7853E001D2874 /* Main.storyboard */,
				3FF7721F1E327EA000F2B6E0 /* User-LoginFiles */,
				3FF7721E1E327DE400F2B6E0 /* ReportFiles */,
				3FF422CC1DF7853E001D2874 /* AppDelegate.swift */,
				3FF422CE1DF7853E001D2874 /* ViewController.swift */,
				3F5CDA8E1EC20A42004D1668 /* HomePageCell.swift */,
				3F6E7E211DFB06F400421F54 /* HomePageViewController.swift */,
				3F5CDA8C1EC20743004D1668 /* HomeViewController.swift */,
				3F6E7E1D1DFB049700421F54 /* MenuController.swift */,
				3F644A971EA7A842000796E8 /* SideMenuViewController.swift */,
				3F7DB19C1EAE2701009D5198 /* SideMenuCell.swift */,
				3FF422D31DF7853E001D2874 /* Assets.xcassets */,
				3FF422D51DF7853E001D2874 /* LaunchScreen.storyboard */,
				3FF422D81DF7853E001D2874 /* Info.plist */,
				953B2AAD1E05EA3400649F55 /* GoogleService-Info.plist */,
				3F58942A1ECC892B00A871D8 /* OrganizationReportCell.swift */,
				3F58942E1ECC929E00A871D8 /* OrganizationViewController.swift */,
				3F5894301ECDDDB200A871D8 /* OrganizationDetailTableViewController.swift */,
				3F58942C1ECC89C000A871D8 /* OrganizationReportCell.xib */,
			);
			path = MindfulWaste;
			sourceTree = "<group>";
		};
		3FF422E01DF7853E001D2874 /* MindfulWasteTests */ = {
			isa = PBXGroup;
			children = (
				3FF422E11DF7853E001D2874 /* MindfulWasteTests.swift */,
				3FF422E31DF7853E001D2874 /* Info.plist */,
			);
			path = MindfulWasteTests;
			sourceTree = "<group>";
		};
		3FF422EB1DF7853E001D2874 /* MindfulWasteUITests */ = {
			isa = PBXGroup;
			children = (
				3FF422EC1DF7853E001D2874 /* MindfulWasteUITests.swift */,
				3FF422EE1DF7853E001D2874 /* Info.plist */,
			);
			path = MindfulWasteUITests;
			sourceTree = "<group>";
		};
		3FF7721E1E327DE400F2B6E0 /* ReportFiles */ = {
			isa = PBXGroup;
			children = (
				956F3A501E078F4E006EDE6A /* Report.swift */,
				9554EB4A1E076B0E00771CC6 /* ReportViewController.swift */,
				3F67B0B11E291304004819B7 /* ReportCell.swift */,
				3FF772201E32811000F2B6E0 /* DetailedReportCell.swift */,
				3FE5EAAC1E608F040004A77C /* LiveFeedViewController.swift */,
				3F643A781E6DA469005B44C1 /* FeedTableViewCell.swift */,
				9535CDFC1E6D07C500F30BB1 /* ReportInfographic.swift */,
			);
			name = ReportFiles;
			sourceTree = "<group>";
		};
		3FF7721F1E327EA000F2B6E0 /* User-LoginFiles */ = {
			isa = PBXGroup;
			children = (
				3F9CC6A91E02EB8B00BDBE3D /* LoginView.swift */,
				3F3295B41DFEFF1400612904 /* CustomUserCell.swift */,
				956F3A4E1E077A0E006EDE6A /* CustomCollectionCell.swift */,
				3F7DB19E1EAF9661009D5198 /* LoginMainViewController.swift */,
				3F54E1C61EB0D8C700ACBDC2 /* SignUpViewController.swift */,
				3F62A90B1EB371DD0007D924 /* MindfulWasteUser.swift */,
				3F62A90D1EB387690007D924 /* IntroViewController.swift */,
			);
			name = "User-LoginFiles";
			sourceTree = "<group>";
		};
		53EC7F6970DE1ED8EA9FDAAD /* Pods */ = {
			isa = PBXGroup;
			children = (
				0D915108F249FCC14E432515 /* Pods-MindfulWaste.debug.xcconfig */,
				86BC002B4748BBB436553EB1 /* Pods-MindfulWaste.release.xcconfig */,
				4098CA507494378DF3710A41 /* Pods-MindfulWasteTests.debug.xcconfig */,
				D005366AD6EB375E811E49F5 /* Pods-MindfulWasteTests.release.xcconfig */,
				DFBBE3FD9D43F4A4823D358B /* Pods-MindfulWasteUITests.debug.xcconfig */,
				485471B5AE89AD167B65516F /* Pods-MindfulWasteUITests.release.xcconfig */,
			);
			name = Pods;
			sourceTree = "<group>";
		};
		A8BC6AA220B58ADCF707252A /* Frameworks */ = {
			isa = PBXGroup;
			children = (
				40F16CB367FFF2D958C24AAE /* Pods_MindfulWaste.framework */,
				00B447B2BE47E3BAD88B07C2 /* Pods_MindfulWasteTests.framework */,
				F55D4E938AE4606BAA698DC0 /* Pods_MindfulWasteUITests.framework */,
			);
			name = Frameworks;
			sourceTree = "<group>";
		};
/* End PBXGroup section */

/* Begin PBXNativeTarget section */
		3FF422C81DF7853D001D2874 /* MindfulWaste */ = {
			isa = PBXNativeTarget;
			buildConfigurationList = 3FF422F11DF7853E001D2874 /* Build configuration list for PBXNativeTarget "MindfulWaste" */;
			buildPhases = (
				7FE418110E6227DEC858DC89 /* [CP] Check Pods Manifest.lock */,
				3FF422C51DF7853D001D2874 /* Sources */,
				3FF422C61DF7853D001D2874 /* Frameworks */,
				3FF422C71DF7853D001D2874 /* Resources */,
				21AEA06AC73E1AAA2587821C /* [CP] Embed Pods Frameworks */,
				4E7142FE4A13F6CBF107B4AC /* [CP] Copy Pods Resources */,
			);
			buildRules = (
			);
			dependencies = (
			);
			name = MindfulWaste;
			productName = MindfulWaste;
			productReference = 3FF422C91DF7853E001D2874 /* MindfulWaste.app */;
			productType = "com.apple.product-type.application";
		};
		3FF422DC1DF7853E001D2874 /* MindfulWasteTests */ = {
			isa = PBXNativeTarget;
			buildConfigurationList = 3FF422F41DF7853E001D2874 /* Build configuration list for PBXNativeTarget "MindfulWasteTests" */;
			buildPhases = (
				A39D49BFA6F424A33FA3335C /* [CP] Check Pods Manifest.lock */,
				3FF422D91DF7853E001D2874 /* Sources */,
				3FF422DA1DF7853E001D2874 /* Frameworks */,
				3FF422DB1DF7853E001D2874 /* Resources */,
				BC95B8468A0080E829AE3E96 /* [CP] Embed Pods Frameworks */,
				29D7BCFB0BE034EAFC0CA9EA /* [CP] Copy Pods Resources */,
			);
			buildRules = (
			);
			dependencies = (
				3FF422DF1DF7853E001D2874 /* PBXTargetDependency */,
			);
			name = MindfulWasteTests;
			productName = MindfulWasteTests;
			productReference = 3FF422DD1DF7853E001D2874 /* MindfulWasteTests.xctest */;
			productType = "com.apple.product-type.bundle.unit-test";
		};
		3FF422E71DF7853E001D2874 /* MindfulWasteUITests */ = {
			isa = PBXNativeTarget;
			buildConfigurationList = 3FF422F71DF7853E001D2874 /* Build configuration list for PBXNativeTarget "MindfulWasteUITests" */;
			buildPhases = (
				F16D9988494901752E8BCD6A /* [CP] Check Pods Manifest.lock */,
				3FF422E41DF7853E001D2874 /* Sources */,
				3FF422E51DF7853E001D2874 /* Frameworks */,
				3FF422E61DF7853E001D2874 /* Resources */,
				0246865FA8B570A28C26190A /* [CP] Copy Pods Resources */,
				F6F60807FCE9A576737F1D8E /* [CP] Embed Pods Frameworks */,
			);
			buildRules = (
			);
			dependencies = (
				3FF422EA1DF7853E001D2874 /* PBXTargetDependency */,
			);
			name = MindfulWasteUITests;
			productName = MindfulWasteUITests;
			productReference = 3FF422E81DF7853E001D2874 /* MindfulWasteUITests.xctest */;
			productType = "com.apple.product-type.bundle.ui-testing";
		};
/* End PBXNativeTarget section */

/* Begin PBXProject section */
		3FF422C11DF7853D001D2874 /* Project object */ = {
			isa = PBXProject;
			attributes = {
				LastSwiftUpdateCheck = 0800;
				LastUpgradeCheck = 0830;
				ORGANIZATIONNAME = adrewno1;
				TargetAttributes = {
					3FF422C81DF7853D001D2874 = {
						CreatedOnToolsVersion = 8.0;
						DevelopmentTeam = 5Q75DE3GYF;
						LastSwiftMigration = 0800;
						ProvisioningStyle = Automatic;
						SystemCapabilities = {
							com.apple.Keychain = {
								enabled = 1;
							};
						};
					};
					3FF422DC1DF7853E001D2874 = {
						CreatedOnToolsVersion = 8.0;
						LastSwiftMigration = 0800;
						ProvisioningStyle = Automatic;
						TestTargetID = 3FF422C81DF7853D001D2874;
					};
					3FF422E71DF7853E001D2874 = {
						CreatedOnToolsVersion = 8.0;
						LastSwiftMigration = 0800;
						ProvisioningStyle = Automatic;
						TestTargetID = 3FF422C81DF7853D001D2874;
					};
				};
			};
			buildConfigurationList = 3FF422C41DF7853D001D2874 /* Build configuration list for PBXProject "MindfulWaste" */;
			compatibilityVersion = "Xcode 3.2";
			developmentRegion = English;
			hasScannedForEncodings = 0;
			knownRegions = (
				en,
				Base,
			);
			mainGroup = 3FF422C01DF7853D001D2874;
			productRefGroup = 3FF422CA1DF7853E001D2874 /* Products */;
			projectDirPath = "";
			projectRoot = "";
			targets = (
				3FF422C81DF7853D001D2874 /* MindfulWaste */,
				3FF422DC1DF7853E001D2874 /* MindfulWasteTests */,
				3FF422E71DF7853E001D2874 /* MindfulWasteUITests */,
			);
		};
/* End PBXProject section */

/* Begin PBXResourcesBuildPhase section */
		3FF422C71DF7853D001D2874 /* Resources */ = {
			isa = PBXResourcesBuildPhase;
			buildActionMask = 2147483647;
			files = (
				3FF422D71DF7853E001D2874 /* LaunchScreen.storyboard in Resources */,
				953B2AAE1E05EA3400649F55 /* GoogleService-Info.plist in Resources */,
				3FF422D41DF7853E001D2874 /* Assets.xcassets in Resources */,
				3FF422D21DF7853E001D2874 /* Main.storyboard in Resources */,
				3F58942D1ECC89C000A871D8 /* OrganizationReportCell.xib in Resources */,
			);
			runOnlyForDeploymentPostprocessing = 0;
		};
		3FF422DB1DF7853E001D2874 /* Resources */ = {
			isa = PBXResourcesBuildPhase;
			buildActionMask = 2147483647;
			files = (
				953B2AAF1E05EA3400649F55 /* GoogleService-Info.plist in Resources */,
			);
			runOnlyForDeploymentPostprocessing = 0;
		};
		3FF422E61DF7853E001D2874 /* Resources */ = {
			isa = PBXResourcesBuildPhase;
			buildActionMask = 2147483647;
			files = (
				953B2AB01E05EA3400649F55 /* GoogleService-Info.plist in Resources */,
			);
			runOnlyForDeploymentPostprocessing = 0;
		};
/* End PBXResourcesBuildPhase section */

/* Begin PBXShellScriptBuildPhase section */
		0246865FA8B570A28C26190A /* [CP] Copy Pods Resources */ = {
			isa = PBXShellScriptBuildPhase;
			buildActionMask = 2147483647;
			files = (
			);
			inputPaths = (
			);
			name = "[CP] Copy Pods Resources";
			outputPaths = (
			);
			runOnlyForDeploymentPostprocessing = 0;
			shellPath = /bin/sh;
			shellScript = "\"${SRCROOT}/Pods/Target Support Files/Pods-MindfulWasteUITests/Pods-MindfulWasteUITests-resources.sh\"\n";
			showEnvVarsInLog = 0;
		};
		21AEA06AC73E1AAA2587821C /* [CP] Embed Pods Frameworks */ = {
			isa = PBXShellScriptBuildPhase;
			buildActionMask = 2147483647;
			files = (
			);
			inputPaths = (
			);
			name = "[CP] Embed Pods Frameworks";
			outputPaths = (
			);
			runOnlyForDeploymentPostprocessing = 0;
			shellPath = /bin/sh;
			shellScript = "\"${SRCROOT}/Pods/Target Support Files/Pods-MindfulWaste/Pods-MindfulWaste-frameworks.sh\"\n";
			showEnvVarsInLog = 0;
		};
		29D7BCFB0BE034EAFC0CA9EA /* [CP] Copy Pods Resources */ = {
			isa = PBXShellScriptBuildPhase;
			buildActionMask = 2147483647;
			files = (
			);
			inputPaths = (
			);
			name = "[CP] Copy Pods Resources";
			outputPaths = (
			);
			runOnlyForDeploymentPostprocessing = 0;
			shellPath = /bin/sh;
			shellScript = "\"${SRCROOT}/Pods/Target Support Files/Pods-MindfulWasteTests/Pods-MindfulWasteTests-resources.sh\"\n";
			showEnvVarsInLog = 0;
		};
		4E7142FE4A13F6CBF107B4AC /* [CP] Copy Pods Resources */ = {
			isa = PBXShellScriptBuildPhase;
			buildActionMask = 2147483647;
			files = (
			);
			inputPaths = (
			);
			name = "[CP] Copy Pods Resources";
			outputPaths = (
			);
			runOnlyForDeploymentPostprocessing = 0;
			shellPath = /bin/sh;
			shellScript = "\"${SRCROOT}/Pods/Target Support Files/Pods-MindfulWaste/Pods-MindfulWaste-resources.sh\"\n";
			showEnvVarsInLog = 0;
		};
		7FE418110E6227DEC858DC89 /* [CP] Check Pods Manifest.lock */ = {
			isa = PBXShellScriptBuildPhase;
			buildActionMask = 2147483647;
			files = (
			);
			inputPaths = (
			);
			name = "[CP] Check Pods Manifest.lock";
			outputPaths = (
			);
			runOnlyForDeploymentPostprocessing = 0;
			shellPath = /bin/sh;
			shellScript = "diff \"${PODS_ROOT}/../Podfile.lock\" \"${PODS_ROOT}/Manifest.lock\" > /dev/null\nif [ $? != 0 ] ; then\n    # print error to STDERR\n    echo \"error: The sandbox is not in sync with the Podfile.lock. Run 'pod install' or update your CocoaPods installation.\" >&2\n    exit 1\nfi\n";
			showEnvVarsInLog = 0;
		};
		A39D49BFA6F424A33FA3335C /* [CP] Check Pods Manifest.lock */ = {
			isa = PBXShellScriptBuildPhase;
			buildActionMask = 2147483647;
			files = (
			);
			inputPaths = (
			);
			name = "[CP] Check Pods Manifest.lock";
			outputPaths = (
			);
			runOnlyForDeploymentPostprocessing = 0;
			shellPath = /bin/sh;
			shellScript = "diff \"${PODS_ROOT}/../Podfile.lock\" \"${PODS_ROOT}/Manifest.lock\" > /dev/null\nif [ $? != 0 ] ; then\n    # print error to STDERR\n    echo \"error: The sandbox is not in sync with the Podfile.lock. Run 'pod install' or update your CocoaPods installation.\" >&2\n    exit 1\nfi\n";
			showEnvVarsInLog = 0;
		};
		BC95B8468A0080E829AE3E96 /* [CP] Embed Pods Frameworks */ = {
			isa = PBXShellScriptBuildPhase;
			buildActionMask = 2147483647;
			files = (
			);
			inputPaths = (
			);
			name = "[CP] Embed Pods Frameworks";
			outputPaths = (
			);
			runOnlyForDeploymentPostprocessing = 0;
			shellPath = /bin/sh;
			shellScript = "\"${SRCROOT}/Pods/Target Support Files/Pods-MindfulWasteTests/Pods-MindfulWasteTests-frameworks.sh\"\n";
			showEnvVarsInLog = 0;
		};
		F16D9988494901752E8BCD6A /* [CP] Check Pods Manifest.lock */ = {
			isa = PBXShellScriptBuildPhase;
			buildActionMask = 2147483647;
			files = (
			);
			inputPaths = (
			);
			name = "[CP] Check Pods Manifest.lock";
			outputPaths = (
			);
			runOnlyForDeploymentPostprocessing = 0;
			shellPath = /bin/sh;
			shellScript = "diff \"${PODS_ROOT}/../Podfile.lock\" \"${PODS_ROOT}/Manifest.lock\" > /dev/null\nif [ $? != 0 ] ; then\n    # print error to STDERR\n    echo \"error: The sandbox is not in sync with the Podfile.lock. Run 'pod install' or update your CocoaPods installation.\" >&2\n    exit 1\nfi\n";
			showEnvVarsInLog = 0;
		};
		F6F60807FCE9A576737F1D8E /* [CP] Embed Pods Frameworks */ = {
			isa = PBXShellScriptBuildPhase;
			buildActionMask = 2147483647;
			files = (
			);
			inputPaths = (
			);
			name = "[CP] Embed Pods Frameworks";
			outputPaths = (
			);
			runOnlyForDeploymentPostprocessing = 0;
			shellPath = /bin/sh;
			shellScript = "\"${SRCROOT}/Pods/Target Support Files/Pods-MindfulWasteUITests/Pods-MindfulWasteUITests-frameworks.sh\"\n";
			showEnvVarsInLog = 0;
		};
/* End PBXShellScriptBuildPhase section */

/* Begin PBXSourcesBuildPhase section */
		3FF422C51DF7853D001D2874 /* Sources */ = {
			isa = PBXSourcesBuildPhase;
			buildActionMask = 2147483647;
			files = (
				3F5894311ECDDDB200A871D8 /* OrganizationDetailTableViewController.swift in Sources */,
				3F9CC6AA1E02EB8B00BDBE3D /* LoginView.swift in Sources */,
				3F62A90C1EB371DD0007D924 /* MindfulWasteUser.swift in Sources */,
				3FF772211E32811000F2B6E0 /* DetailedReportCell.swift in Sources */,
				3FE5EAAD1E608F040004A77C /* LiveFeedViewController.swift in Sources */,
				3F3295B51DFEFF1400612904 /* CustomUserCell.swift in Sources */,
				3F5CDA8D1EC20743004D1668 /* HomeViewController.swift in Sources */,
				9535CDFD1E6D07C500F30BB1 /* ReportInfographic.swift in Sources */,
				3F6E7E221DFB06F400421F54 /* HomePageViewController.swift in Sources */,
				3F54E1C71EB0D8C700ACBDC2 /* SignUpViewController.swift in Sources */,
				3F5CDA8F1EC20A42004D1668 /* HomePageCell.swift in Sources */,
				3FF422CF1DF7853E001D2874 /* ViewController.swift in Sources */,
				3F7DB19D1EAE2701009D5198 /* SideMenuCell.swift in Sources */,
				956F3A4F1E077A0E006EDE6A /* CustomCollectionCell.swift in Sources */,
				956F3A511E078F4E006EDE6A /* Report.swift in Sources */,
				3F643A791E6DA469005B44C1 /* FeedTableViewCell.swift in Sources */,
				3F58942B1ECC892B00A871D8 /* OrganizationReportCell.swift in Sources */,
				3F6E7E1E1DFB049700421F54 /* MenuController.swift in Sources */,
				3FF422CD1DF7853E001D2874 /* AppDelegate.swift in Sources */,
				3F62A90E1EB387690007D924 /* IntroViewController.swift in Sources */,
				9554EB4B1E076B0E00771CC6 /* ReportViewController.swift in Sources */,
				3F644A981EA7A842000796E8 /* SideMenuViewController.swift in Sources */,
				3F67B0B21E291304004819B7 /* ReportCell.swift in Sources */,
				3F58942F1ECC929E00A871D8 /* OrganizationViewController.swift in Sources */,
				3F7DB19F1EAF9661009D5198 /* LoginMainViewController.swift in Sources */,
			);
			runOnlyForDeploymentPostprocessing = 0;
		};
		3FF422D91DF7853E001D2874 /* Sources */ = {
			isa = PBXSourcesBuildPhase;
			buildActionMask = 2147483647;
			files = (
				3FF422E21DF7853E001D2874 /* MindfulWasteTests.swift in Sources */,
			);
			runOnlyForDeploymentPostprocessing = 0;
		};
		3FF422E41DF7853E001D2874 /* Sources */ = {
			isa = PBXSourcesBuildPhase;
			buildActionMask = 2147483647;
			files = (
				3FF422ED1DF7853E001D2874 /* MindfulWasteUITests.swift in Sources */,
			);
			runOnlyForDeploymentPostprocessing = 0;
		};
/* End PBXSourcesBuildPhase section */

/* Begin PBXTargetDependency section */
		3FF422DF1DF7853E001D2874 /* PBXTargetDependency */ = {
			isa = PBXTargetDependency;
			target = 3FF422C81DF7853D001D2874 /* MindfulWaste */;
			targetProxy = 3FF422DE1DF7853E001D2874 /* PBXContainerItemProxy */;
		};
		3FF422EA1DF7853E001D2874 /* PBXTargetDependency */ = {
			isa = PBXTargetDependency;
			target = 3FF422C81DF7853D001D2874 /* MindfulWaste */;
			targetProxy = 3FF422E91DF7853E001D2874 /* PBXContainerItemProxy */;
		};
/* End PBXTargetDependency section */

/* Begin PBXVariantGroup section */
		3FF422D01DF7853E001D2874 /* Main.storyboard */ = {
			isa = PBXVariantGroup;
			children = (
				3FF422D11DF7853E001D2874 /* Base */,
			);
			name = Main.storyboard;
			sourceTree = "<group>";
		};
		3FF422D51DF7853E001D2874 /* LaunchScreen.storyboard */ = {
			isa = PBXVariantGroup;
			children = (
				3FF422D61DF7853E001D2874 /* Base */,
			);
			name = LaunchScreen.storyboard;
			sourceTree = "<group>";
		};
/* End PBXVariantGroup section */

/* Begin XCBuildConfiguration section */
		3FF422EF1DF7853E001D2874 /* Debug */ = {
			isa = XCBuildConfiguration;
			buildSettings = {
				ALWAYS_SEARCH_USER_PATHS = NO;
				CLANG_ANALYZER_NONNULL = YES;
				CLANG_CXX_LANGUAGE_STANDARD = "gnu++0x";
				CLANG_CXX_LIBRARY = "libc++";
				CLANG_ENABLE_MODULES = YES;
				CLANG_ENABLE_OBJC_ARC = YES;
				CLANG_WARN_BOOL_CONVERSION = YES;
				CLANG_WARN_CONSTANT_CONVERSION = YES;
				CLANG_WARN_DIRECT_OBJC_ISA_USAGE = YES_ERROR;
				CLANG_WARN_DOCUMENTATION_COMMENTS = YES;
				CLANG_WARN_EMPTY_BODY = YES;
				CLANG_WARN_ENUM_CONVERSION = YES;
				CLANG_WARN_INFINITE_RECURSION = YES;
				CLANG_WARN_INT_CONVERSION = YES;
				CLANG_WARN_OBJC_ROOT_CLASS = YES_ERROR;
				CLANG_WARN_SUSPICIOUS_MOVE = YES;
				CLANG_WARN_SUSPICIOUS_MOVES = YES;
				CLANG_WARN_UNREACHABLE_CODE = YES;
				CLANG_WARN__DUPLICATE_METHOD_MATCH = YES;
				"CODE_SIGN_IDENTITY[sdk=iphoneos*]" = "iPhone Developer";
				COPY_PHASE_STRIP = NO;
				DEBUG_INFORMATION_FORMAT = dwarf;
				ENABLE_STRICT_OBJC_MSGSEND = YES;
				ENABLE_TESTABILITY = YES;
				GCC_C_LANGUAGE_STANDARD = gnu99;
				GCC_DYNAMIC_NO_PIC = NO;
				GCC_NO_COMMON_BLOCKS = YES;
				GCC_OPTIMIZATION_LEVEL = 0;
				GCC_PREPROCESSOR_DEFINITIONS = (
					"DEBUG=1",
					"$(inherited)",
				);
				GCC_WARN_64_TO_32_BIT_CONVERSION = YES;
				GCC_WARN_ABOUT_RETURN_TYPE = YES_ERROR;
				GCC_WARN_UNDECLARED_SELECTOR = YES;
				GCC_WARN_UNINITIALIZED_AUTOS = YES_AGGRESSIVE;
				GCC_WARN_UNUSED_FUNCTION = YES;
				GCC_WARN_UNUSED_VARIABLE = YES;
				IPHONEOS_DEPLOYMENT_TARGET = 10.0;
				MTL_ENABLE_DEBUG_INFO = YES;
				ONLY_ACTIVE_ARCH = YES;
				SDKROOT = iphoneos;
				SWIFT_ACTIVE_COMPILATION_CONDITIONS = DEBUG;
				SWIFT_OPTIMIZATION_LEVEL = "-Onone";
				TARGETED_DEVICE_FAMILY = "1,2";
			};
			name = Debug;
		};
		3FF422F01DF7853E001D2874 /* Release */ = {
			isa = XCBuildConfiguration;
			buildSettings = {
				ALWAYS_SEARCH_USER_PATHS = NO;
				CLANG_ANALYZER_NONNULL = YES;
				CLANG_CXX_LANGUAGE_STANDARD = "gnu++0x";
				CLANG_CXX_LIBRARY = "libc++";
				CLANG_ENABLE_MODULES = YES;
				CLANG_ENABLE_OBJC_ARC = YES;
				CLANG_WARN_BOOL_CONVERSION = YES;
				CLANG_WARN_CONSTANT_CONVERSION = YES;
				CLANG_WARN_DIRECT_OBJC_ISA_USAGE = YES_ERROR;
				CLANG_WARN_DOCUMENTATION_COMMENTS = YES;
				CLANG_WARN_EMPTY_BODY = YES;
				CLANG_WARN_ENUM_CONVERSION = YES;
				CLANG_WARN_INFINITE_RECURSION = YES;
				CLANG_WARN_INT_CONVERSION = YES;
				CLANG_WARN_OBJC_ROOT_CLASS = YES_ERROR;
				CLANG_WARN_SUSPICIOUS_MOVE = YES;
				CLANG_WARN_SUSPICIOUS_MOVES = YES;
				CLANG_WARN_UNREACHABLE_CODE = YES;
				CLANG_WARN__DUPLICATE_METHOD_MATCH = YES;
				"CODE_SIGN_IDENTITY[sdk=iphoneos*]" = "iPhone Developer";
				COPY_PHASE_STRIP = NO;
				DEBUG_INFORMATION_FORMAT = "dwarf-with-dsym";
				ENABLE_NS_ASSERTIONS = NO;
				ENABLE_STRICT_OBJC_MSGSEND = YES;
				GCC_C_LANGUAGE_STANDARD = gnu99;
				GCC_NO_COMMON_BLOCKS = YES;
				GCC_WARN_64_TO_32_BIT_CONVERSION = YES;
				GCC_WARN_ABOUT_RETURN_TYPE = YES_ERROR;
				GCC_WARN_UNDECLARED_SELECTOR = YES;
				GCC_WARN_UNINITIALIZED_AUTOS = YES_AGGRESSIVE;
				GCC_WARN_UNUSED_FUNCTION = YES;
				GCC_WARN_UNUSED_VARIABLE = YES;
				IPHONEOS_DEPLOYMENT_TARGET = 10.0;
				MTL_ENABLE_DEBUG_INFO = NO;
				SDKROOT = iphoneos;
				SWIFT_OPTIMIZATION_LEVEL = "-Owholemodule";
				TARGETED_DEVICE_FAMILY = "1,2";
				VALIDATE_PRODUCT = YES;
			};
			name = Release;
		};
		3FF422F21DF7853E001D2874 /* Debug */ = {
			isa = XCBuildConfiguration;
			baseConfigurationReference = 0D915108F249FCC14E432515 /* Pods-MindfulWaste.debug.xcconfig */;
			buildSettings = {
				ALWAYS_EMBED_SWIFT_STANDARD_LIBRARIES = YES;
				ASSETCATALOG_COMPILER_APPICON_NAME = AppIcon;
				CODE_SIGN_ENTITLEMENTS = MindfulWaste/MindfulWaste.entitlements;
				DEVELOPMENT_TEAM = 5Q75DE3GYF;
				INFOPLIST_FILE = MindfulWaste/Info.plist;
				LD_RUNPATH_SEARCH_PATHS = "$(inherited) @executable_path/Frameworks";
				PRODUCT_BUNDLE_IDENTIFIER = adrewno1.MindfulWaste.09204;
				PRODUCT_NAME = "$(TARGET_NAME)";
				SWIFT_VERSION = 3.0;
			};
			name = Debug;
		};
		3FF422F31DF7853E001D2874 /* Release */ = {
			isa = XCBuildConfiguration;
			baseConfigurationReference = 86BC002B4748BBB436553EB1 /* Pods-MindfulWaste.release.xcconfig */;
			buildSettings = {
				ALWAYS_EMBED_SWIFT_STANDARD_LIBRARIES = YES;
				ASSETCATALOG_COMPILER_APPICON_NAME = AppIcon;
				CODE_SIGN_ENTITLEMENTS = MindfulWaste/MindfulWaste.entitlements;
				DEVELOPMENT_TEAM = 5Q75DE3GYF;
				INFOPLIST_FILE = MindfulWaste/Info.plist;
				LD_RUNPATH_SEARCH_PATHS = "$(inherited) @executable_path/Frameworks";
				PRODUCT_BUNDLE_IDENTIFIER = adrewno1.MindfulWaste.09204;
				PRODUCT_NAME = "$(TARGET_NAME)";
				SWIFT_VERSION = 3.0;
			};
			name = Release;
		};
		3FF422F51DF7853E001D2874 /* Debug */ = {
			isa = XCBuildConfiguration;
			baseConfigurationReference = 4098CA507494378DF3710A41 /* Pods-MindfulWasteTests.debug.xcconfig */;
			buildSettings = {
				ALWAYS_EMBED_SWIFT_STANDARD_LIBRARIES = YES;
				BUNDLE_LOADER = "$(TEST_HOST)";
				INFOPLIST_FILE = MindfulWasteTests/Info.plist;
				LD_RUNPATH_SEARCH_PATHS = "$(inherited) @executable_path/Frameworks @loader_path/Frameworks";
				PRODUCT_BUNDLE_IDENTIFIER = adrewno1.MindfulWasteTests;
				PRODUCT_NAME = "$(TARGET_NAME)";
				SWIFT_VERSION = 3.0;
				TEST_HOST = "$(BUILT_PRODUCTS_DIR)/MindfulWaste.app/MindfulWaste";
			};
			name = Debug;
		};
		3FF422F61DF7853E001D2874 /* Release */ = {
			isa = XCBuildConfiguration;
			baseConfigurationReference = D005366AD6EB375E811E49F5 /* Pods-MindfulWasteTests.release.xcconfig */;
			buildSettings = {
				ALWAYS_EMBED_SWIFT_STANDARD_LIBRARIES = YES;
				BUNDLE_LOADER = "$(TEST_HOST)";
				INFOPLIST_FILE = MindfulWasteTests/Info.plist;
				LD_RUNPATH_SEARCH_PATHS = "$(inherited) @executable_path/Frameworks @loader_path/Frameworks";
				PRODUCT_BUNDLE_IDENTIFIER = adrewno1.MindfulWasteTests;
				PRODUCT_NAME = "$(TARGET_NAME)";
				SWIFT_VERSION = 3.0;
				TEST_HOST = "$(BUILT_PRODUCTS_DIR)/MindfulWaste.app/MindfulWaste";
			};
			name = Release;
		};
		3FF422F81DF7853E001D2874 /* Debug */ = {
			isa = XCBuildConfiguration;
			baseConfigurationReference = DFBBE3FD9D43F4A4823D358B /* Pods-MindfulWasteUITests.debug.xcconfig */;
			buildSettings = {
				ALWAYS_EMBED_SWIFT_STANDARD_LIBRARIES = YES;
				INFOPLIST_FILE = MindfulWasteUITests/Info.plist;
				LD_RUNPATH_SEARCH_PATHS = "$(inherited) @executable_path/Frameworks @loader_path/Frameworks";
				PRODUCT_BUNDLE_IDENTIFIER = adrewno1.MindfulWasteUITests;
				PRODUCT_NAME = "$(TARGET_NAME)";
				SWIFT_VERSION = 3.0;
				TEST_TARGET_NAME = MindfulWaste;
			};
			name = Debug;
		};
		3FF422F91DF7853E001D2874 /* Release */ = {
			isa = XCBuildConfiguration;
			baseConfigurationReference = 485471B5AE89AD167B65516F /* Pods-MindfulWasteUITests.release.xcconfig */;
			buildSettings = {
				ALWAYS_EMBED_SWIFT_STANDARD_LIBRARIES = YES;
				INFOPLIST_FILE = MindfulWasteUITests/Info.plist;
				LD_RUNPATH_SEARCH_PATHS = "$(inherited) @executable_path/Frameworks @loader_path/Frameworks";
				PRODUCT_BUNDLE_IDENTIFIER = adrewno1.MindfulWasteUITests;
				PRODUCT_NAME = "$(TARGET_NAME)";
				SWIFT_VERSION = 3.0;
				TEST_TARGET_NAME = MindfulWaste;
			};
			name = Release;
		};
/* End XCBuildConfiguration section */

/* Begin XCConfigurationList section */
		3FF422C41DF7853D001D2874 /* Build configuration list for PBXProject "MindfulWaste" */ = {
			isa = XCConfigurationList;
			buildConfigurations = (
				3FF422EF1DF7853E001D2874 /* Debug */,
				3FF422F01DF7853E001D2874 /* Release */,
			);
			defaultConfigurationIsVisible = 0;
			defaultConfigurationName = Release;
		};
		3FF422F11DF7853E001D2874 /* Build configuration list for PBXNativeTarget "MindfulWaste" */ = {
			isa = XCConfigurationList;
			buildConfigurations = (
				3FF422F21DF7853E001D2874 /* Debug */,
				3FF422F31DF7853E001D2874 /* Release */,
			);
			defaultConfigurationIsVisible = 0;
			defaultConfigurationName = Release;
		};
		3FF422F41DF7853E001D2874 /* Build configuration list for PBXNativeTarget "MindfulWasteTests" */ = {
			isa = XCConfigurationList;
			buildConfigurations = (
				3FF422F51DF7853E001D2874 /* Debug */,
				3FF422F61DF7853E001D2874 /* Release */,
			);
			defaultConfigurationIsVisible = 0;
			defaultConfigurationName = Release;
		};
		3FF422F71DF7853E001D2874 /* Build configuration list for PBXNativeTarget "MindfulWasteUITests" */ = {
			isa = XCConfigurationList;
			buildConfigurations = (
				3FF422F81DF7853E001D2874 /* Debug */,
				3FF422F91DF7853E001D2874 /* Release */,
			);
			defaultConfigurationIsVisible = 0;
			defaultConfigurationName = Release;
		};
/* End XCConfigurationList section */
	};
	rootObject = 3FF422C11DF7853D001D2874 /* Project object */;
}
